
Microsoft Visual Studio Solution File, Format Version 12.00
# Visual Studio Version 17
VisualStudioVersion = 17.6.33723.286
MinimumVisualStudioVersion = 10.0.40219.1
Project("{9A19103F-16F7-4668-BE54-9A1E7A4F7556}") = "RapiPizzaGM", "RapiPizzaGM\RapiPizzaGM.csproj", "{6844889E-6872-48C9-8331-98D653B6628C}"
EndProject
Global
	GlobalSection(SolutionConfigurationPlatforms) = preSolution
		Debug|Any CPU = Debug|Any CPU
		Release|Any CPU = Release|Any CPU
	EndGlobalSection
	GlobalSection(ProjectConfigurationPlatforms) = postSolution
		{6844889E-6872-48C9-8331-98D653B6628C}.Debug|Any CPU.ActiveCfg = Debug|Any CPU
		{6844889E-6872-48C9-8331-98D653B6628C}.Debug|Any CPU.Build.0 = Debug|Any CPU
		{6844889E-6872-48C9-8331-98D653B6628C}.Release|Any CPU.ActiveCfg = Release|Any CPU
		{6844889E-6872-48C9-8331-98D653B6628C}.Release|Any CPU.Build.0 = Release|Any CPU
	EndGlobalSection
	GlobalSection(SolutionProperties) = preSolution
		HideSolutionNode = FALSE
	EndGlobalSection
	GlobalSection(ExtensibilityGlobals) = postSolution
		SolutionGuid = {1FA79A3C-45FD-4E46-A213-FE78D79F0AB3}
	EndGlobalSection
EndGlobal
